
Microsoft Visual Studio Solution File, Format Version 12.00
# Visual Studio Version 17
VisualStudioVersion = 17.9.34728.123
MinimumVisualStudioVersion = 10.0.40219.1
Project("{FAE04EC0-301F-11D3-BF4B-00C04F79EFBC}") = "manual-data-insertion", "manual-data-insertion\manual-data-insertion.csproj", "{B2E92FC5-2BE5-4E75-A05A-916C6001EC86}"
EndProject
Project("{9A19103F-16F7-4668-BE54-9A1E7A4F7556}") = "Repositories", "..\data-seeder\Repositories\Repositories.csproj", "{B53E5786-A78F-4521-8937-7B14A1E7941A}"
EndProject
Project("{9A19103F-16F7-4668-BE54-9A1E7A4F7556}") = "Models", "..\data-seeder\Models\Models.csproj", "{689BF30C-B0C7-407D-A465-D295E5BACA8A}"
EndProject
Project("{9A19103F-16F7-4668-BE54-9A1E7A4F7556}") = "Services", "..\data-insert\Services\Services.csproj", "{65E58AC1-864F-4DE3-BBFD-6EE8C3E48747}"
EndProject
Project("{9A19103F-16F7-4668-BE54-9A1E7A4F7556}") = "Controllers", "..\data-insert\Controllers\Controllers.csproj", "{42F399A5-0231-402D-B25E-9EC9B011BDB3}"
EndProject
Global
	GlobalSection(SolutionConfigurationPlatforms) = preSolution
		Debug|Any CPU = Debug|Any CPU
		Release|Any CPU = Release|Any CPU
	EndGlobalSection
	GlobalSection(ProjectConfigurationPlatforms) = postSolution
		{B2E92FC5-2BE5-4E75-A05A-916C6001EC86}.Debug|Any CPU.ActiveCfg = Debug|Any CPU
		{B2E92FC5-2BE5-4E75-A05A-916C6001EC86}.Debug|Any CPU.Build.0 = Debug|Any CPU
		{B2E92FC5-2BE5-4E75-A05A-916C6001EC86}.Release|Any CPU.ActiveCfg = Release|Any CPU
		{B2E92FC5-2BE5-4E75-A05A-916C6001EC86}.Release|Any CPU.Build.0 = Release|Any CPU
		{B53E5786-A78F-4521-8937-7B14A1E7941A}.Debug|Any CPU.ActiveCfg = Debug|Any CPU
		{B53E5786-A78F-4521-8937-7B14A1E7941A}.Debug|Any CPU.Build.0 = Debug|Any CPU
		{B53E5786-A78F-4521-8937-7B14A1E7941A}.Release|Any CPU.ActiveCfg = Release|Any CPU
		{B53E5786-A78F-4521-8937-7B14A1E7941A}.Release|Any CPU.Build.0 = Release|Any CPU
		{689BF30C-B0C7-407D-A465-D295E5BACA8A}.Debug|Any CPU.ActiveCfg = Debug|Any CPU
		{689BF30C-B0C7-407D-A465-D295E5BACA8A}.Debug|Any CPU.Build.0 = Debug|Any CPU
		{689BF30C-B0C7-407D-A465-D295E5BACA8A}.Release|Any CPU.ActiveCfg = Release|Any CPU
		{689BF30C-B0C7-407D-A465-D295E5BACA8A}.Release|Any CPU.Build.0 = Release|Any CPU
		{65E58AC1-864F-4DE3-BBFD-6EE8C3E48747}.Debug|Any CPU.ActiveCfg = Debug|Any CPU
		{65E58AC1-864F-4DE3-BBFD-6EE8C3E48747}.Debug|Any CPU.Build.0 = Debug|Any CPU
		{65E58AC1-864F-4DE3-BBFD-6EE8C3E48747}.Release|Any CPU.ActiveCfg = Release|Any CPU
		{65E58AC1-864F-4DE3-BBFD-6EE8C3E48747}.Release|Any CPU.Build.0 = Release|Any CPU
		{42F399A5-0231-402D-B25E-9EC9B011BDB3}.Debug|Any CPU.ActiveCfg = Debug|Any CPU
		{42F399A5-0231-402D-B25E-9EC9B011BDB3}.Debug|Any CPU.Build.0 = Debug|Any CPU
		{42F399A5-0231-402D-B25E-9EC9B011BDB3}.Release|Any CPU.ActiveCfg = Release|Any CPU
		{42F399A5-0231-402D-B25E-9EC9B011BDB3}.Release|Any CPU.Build.0 = Release|Any CPU
	EndGlobalSection
	GlobalSection(SolutionProperties) = preSolution
		HideSolutionNode = FALSE
	EndGlobalSection
	GlobalSection(ExtensibilityGlobals) = postSolution
		SolutionGuid = {313C8ABD-25F4-48B4-ACB3-A3FFC057C55A}
	EndGlobalSection
EndGlobal
