
Microsoft Visual Studio Solution File, Format Version 12.00
# Visual Studio Version 17
VisualStudioVersion = 17.9.34728.123
MinimumVisualStudioVersion = 10.0.40219.1
Project("{FAE04EC0-301F-11D3-BF4B-00C04F79EFBC}") = "data-insert", "data-insert\data-insert.csproj", "{A0D10834-29A2-4C67-B9A9-01120085AE74}"
EndProject
Project("{9A19103F-16F7-4668-BE54-9A1E7A4F7556}") = "Models", "..\data-seeder\Models\Models.csproj", "{74F44FE0-D40B-4078-A035-A62E24CD2B27}"
EndProject
Project("{9A19103F-16F7-4668-BE54-9A1E7A4F7556}") = "Repositories", "..\data-seeder\Repositories\Repositories.csproj", "{9641750F-2006-48F0-B5C9-ED37000C8E3C}"
EndProject
Project("{FAE04EC0-301F-11D3-BF4B-00C04F79EFBC}") = "Services", "Services\Services.csproj", "{DA9BF0B3-C545-4D6B-8C6B-09D606DB2AE2}"
EndProject
Project("{FAE04EC0-301F-11D3-BF4B-00C04F79EFBC}") = "Controllers", "Controllers\Controllers.csproj", "{7F15F38A-015B-4911-B2F7-71FFCFEA1295}"
EndProject
Global
	GlobalSection(SolutionConfigurationPlatforms) = preSolution
		Debug|Any CPU = Debug|Any CPU
		Release|Any CPU = Release|Any CPU
	EndGlobalSection
	GlobalSection(ProjectConfigurationPlatforms) = postSolution
		{A0D10834-29A2-4C67-B9A9-01120085AE74}.Debug|Any CPU.ActiveCfg = Debug|Any CPU
		{A0D10834-29A2-4C67-B9A9-01120085AE74}.Debug|Any CPU.Build.0 = Debug|Any CPU
		{A0D10834-29A2-4C67-B9A9-01120085AE74}.Release|Any CPU.ActiveCfg = Release|Any CPU
		{A0D10834-29A2-4C67-B9A9-01120085AE74}.Release|Any CPU.Build.0 = Release|Any CPU
		{74F44FE0-D40B-4078-A035-A62E24CD2B27}.Debug|Any CPU.ActiveCfg = Debug|Any CPU
		{74F44FE0-D40B-4078-A035-A62E24CD2B27}.Debug|Any CPU.Build.0 = Debug|Any CPU
		{74F44FE0-D40B-4078-A035-A62E24CD2B27}.Release|Any CPU.ActiveCfg = Release|Any CPU
		{74F44FE0-D40B-4078-A035-A62E24CD2B27}.Release|Any CPU.Build.0 = Release|Any CPU
		{9641750F-2006-48F0-B5C9-ED37000C8E3C}.Debug|Any CPU.ActiveCfg = Debug|Any CPU
		{9641750F-2006-48F0-B5C9-ED37000C8E3C}.Debug|Any CPU.Build.0 = Debug|Any CPU
		{9641750F-2006-48F0-B5C9-ED37000C8E3C}.Release|Any CPU.ActiveCfg = Release|Any CPU
		{9641750F-2006-48F0-B5C9-ED37000C8E3C}.Release|Any CPU.Build.0 = Release|Any CPU
		{DA9BF0B3-C545-4D6B-8C6B-09D606DB2AE2}.Debug|Any CPU.ActiveCfg = Debug|Any CPU
		{DA9BF0B3-C545-4D6B-8C6B-09D606DB2AE2}.Debug|Any CPU.Build.0 = Debug|Any CPU
		{DA9BF0B3-C545-4D6B-8C6B-09D606DB2AE2}.Release|Any CPU.ActiveCfg = Release|Any CPU
		{DA9BF0B3-C545-4D6B-8C6B-09D606DB2AE2}.Release|Any CPU.Build.0 = Release|Any CPU
		{7F15F38A-015B-4911-B2F7-71FFCFEA1295}.Debug|Any CPU.ActiveCfg = Debug|Any CPU
		{7F15F38A-015B-4911-B2F7-71FFCFEA1295}.Debug|Any CPU.Build.0 = Debug|Any CPU
		{7F15F38A-015B-4911-B2F7-71FFCFEA1295}.Release|Any CPU.ActiveCfg = Release|Any CPU
		{7F15F38A-015B-4911-B2F7-71FFCFEA1295}.Release|Any CPU.Build.0 = Release|Any CPU
	EndGlobalSection
	GlobalSection(SolutionProperties) = preSolution
		HideSolutionNode = FALSE
	EndGlobalSection
	GlobalSection(ExtensibilityGlobals) = postSolution
		SolutionGuid = {B76053E3-E556-4AFE-BC0C-F8891C924AC3}
	EndGlobalSection
EndGlobal
