
Microsoft Visual Studio Solution File, Format Version 12.00
# Visual Studio Version 17
VisualStudioVersion = 17.9.34728.123
MinimumVisualStudioVersion = 10.0.40219.1
Project("{FAE04EC0-301F-11D3-BF4B-00C04F79EFBC}") = "AndreVeiculos", "AndreVeiculos\AndreVeiculos.csproj", "{B12598C3-9C1B-405C-932D-E9E87FD3354D}"
EndProject
Project("{FAE04EC0-301F-11D3-BF4B-00C04F79EFBC}") = "Models", "Models\Models.csproj", "{9FA8A208-3737-4E37-8085-0DB8F66D676A}"
EndProject
Project("{FAE04EC0-301F-11D3-BF4B-00C04F79EFBC}") = "Repositories", "Repositories\Repositories.csproj", "{7B2194B0-5CFD-4673-97D6-7760BA9FB2A3}"
EndProject
Global
	GlobalSection(SolutionConfigurationPlatforms) = preSolution
		Debug|Any CPU = Debug|Any CPU
		Release|Any CPU = Release|Any CPU
	EndGlobalSection
	GlobalSection(ProjectConfigurationPlatforms) = postSolution
		{B12598C3-9C1B-405C-932D-E9E87FD3354D}.Debug|Any CPU.ActiveCfg = Debug|Any CPU
		{B12598C3-9C1B-405C-932D-E9E87FD3354D}.Debug|Any CPU.Build.0 = Debug|Any CPU
		{B12598C3-9C1B-405C-932D-E9E87FD3354D}.Release|Any CPU.ActiveCfg = Release|Any CPU
		{B12598C3-9C1B-405C-932D-E9E87FD3354D}.Release|Any CPU.Build.0 = Release|Any CPU
		{9FA8A208-3737-4E37-8085-0DB8F66D676A}.Debug|Any CPU.ActiveCfg = Debug|Any CPU
		{9FA8A208-3737-4E37-8085-0DB8F66D676A}.Debug|Any CPU.Build.0 = Debug|Any CPU
		{9FA8A208-3737-4E37-8085-0DB8F66D676A}.Release|Any CPU.ActiveCfg = Release|Any CPU
		{9FA8A208-3737-4E37-8085-0DB8F66D676A}.Release|Any CPU.Build.0 = Release|Any CPU
		{7B2194B0-5CFD-4673-97D6-7760BA9FB2A3}.Debug|Any CPU.ActiveCfg = Debug|Any CPU
		{7B2194B0-5CFD-4673-97D6-7760BA9FB2A3}.Debug|Any CPU.Build.0 = Debug|Any CPU
		{7B2194B0-5CFD-4673-97D6-7760BA9FB2A3}.Release|Any CPU.ActiveCfg = Release|Any CPU
		{7B2194B0-5CFD-4673-97D6-7760BA9FB2A3}.Release|Any CPU.Build.0 = Release|Any CPU
	EndGlobalSection
	GlobalSection(SolutionProperties) = preSolution
		HideSolutionNode = FALSE
	EndGlobalSection
	GlobalSection(ExtensibilityGlobals) = postSolution
		SolutionGuid = {4042034A-12DE-49AC-B3CC-91118F954903}
	EndGlobalSection
EndGlobal
